
Microsoft Visual Studio Solution File, Format Version 12.00
# Visual Studio Version 17
VisualStudioVersion = 17.3.32929.385
MinimumVisualStudioVersion = 10.0.40219.1
Project("{9A19103F-16F7-4668-BE54-9A1E7A4F7556}") = "Domain", "Domain\Domain.csproj", "{F6BF26B5-9745-4E9D-A17E-84D3D23B2F48}"
EndProject
Project("{9A19103F-16F7-4668-BE54-9A1E7A4F7556}") = "Application", "Application\Application.csproj", "{3478C504-3E97-4ADE-8F69-F58198690F46}"
EndProject
Project("{9A19103F-16F7-4668-BE54-9A1E7A4F7556}") = "Infrastructure", "Infrastructure\Infrastructure.csproj", "{E54531E4-1A52-4EAD-B522-12EB11FF8B3A}"
EndProject
Project("{9A19103F-16F7-4668-BE54-9A1E7A4F7556}") = "API", "API\API.csproj", "{D0BE427F-19E0-4559-AB19-3C48CDD92C79}"
EndProject
Project("{9A19103F-16F7-4668-BE54-9A1E7A4F7556}") = "Tests", "Tests\Tests.csproj", "{19D70A82-4909-4C1C-9925-CE63C72C8DEF}"
EndProject
Project("{2150E333-8FDC-42A3-9474-1A3956D46DE8}") = "Solution Items", "Solution Items", "{52DE0869-67B5-417C-BCDC-1F289AA4EA5D}"
	ProjectSection(SolutionItems) = preProject
		.editorconfig = .editorconfig
	EndProjectSection
EndProject
Global
	GlobalSection(SolutionConfigurationPlatforms) = preSolution
		Debug|Any CPU = Debug|Any CPU
		Release|Any CPU = Release|Any CPU
	EndGlobalSection
	GlobalSection(ProjectConfigurationPlatforms) = postSolution
		{F6BF26B5-9745-4E9D-A17E-84D3D23B2F48}.Debug|Any CPU.ActiveCfg = Debug|Any CPU
		{F6BF26B5-9745-4E9D-A17E-84D3D23B2F48}.Debug|Any CPU.Build.0 = Debug|Any CPU
		{F6BF26B5-9745-4E9D-A17E-84D3D23B2F48}.Release|Any CPU.ActiveCfg = Release|Any CPU
		{F6BF26B5-9745-4E9D-A17E-84D3D23B2F48}.Release|Any CPU.Build.0 = Release|Any CPU
		{3478C504-3E97-4ADE-8F69-F58198690F46}.Debug|Any CPU.ActiveCfg = Debug|Any CPU
		{3478C504-3E97-4ADE-8F69-F58198690F46}.Debug|Any CPU.Build.0 = Debug|Any CPU
		{3478C504-3E97-4ADE-8F69-F58198690F46}.Release|Any CPU.ActiveCfg = Release|Any CPU
		{3478C504-3E97-4ADE-8F69-F58198690F46}.Release|Any CPU.Build.0 = Release|Any CPU
		{E54531E4-1A52-4EAD-B522-12EB11FF8B3A}.Debug|Any CPU.ActiveCfg = Debug|Any CPU
		{E54531E4-1A52-4EAD-B522-12EB11FF8B3A}.Debug|Any CPU.Build.0 = Debug|Any CPU
		{E54531E4-1A52-4EAD-B522-12EB11FF8B3A}.Release|Any CPU.ActiveCfg = Release|Any CPU
		{E54531E4-1A52-4EAD-B522-12EB11FF8B3A}.Release|Any CPU.Build.0 = Release|Any CPU
		{D0BE427F-19E0-4559-AB19-3C48CDD92C79}.Debug|Any CPU.ActiveCfg = Debug|Any CPU
		{D0BE427F-19E0-4559-AB19-3C48CDD92C79}.Debug|Any CPU.Build.0 = Debug|Any CPU
		{D0BE427F-19E0-4559-AB19-3C48CDD92C79}.Release|Any CPU.ActiveCfg = Release|Any CPU
		{D0BE427F-19E0-4559-AB19-3C48CDD92C79}.Release|Any CPU.Build.0 = Release|Any CPU
		{19D70A82-4909-4C1C-9925-CE63C72C8DEF}.Debug|Any CPU.ActiveCfg = Debug|Any CPU
		{19D70A82-4909-4C1C-9925-CE63C72C8DEF}.Debug|Any CPU.Build.0 = Debug|Any CPU
		{19D70A82-4909-4C1C-9925-CE63C72C8DEF}.Release|Any CPU.ActiveCfg = Release|Any CPU
		{19D70A82-4909-4C1C-9925-CE63C72C8DEF}.Release|Any CPU.Build.0 = Release|Any CPU
	EndGlobalSection
	GlobalSection(SolutionProperties) = preSolution
		HideSolutionNode = FALSE
	EndGlobalSection
	GlobalSection(ExtensibilityGlobals) = postSolution
		SolutionGuid = {DB32D268-1055-4F9E-893C-1C48922813EC}
	EndGlobalSection
EndGlobal
