
Microsoft Visual Studio Solution File, Format Version 12.00
# Visual Studio Version 17
VisualStudioVersion = 17.3.32929.385
MinimumVisualStudioVersion = 10.0.40219.1
Project("{FAE04EC0-301F-11D3-BF4B-00C04F79EFBC}") = "Domain", "Domain\Domain.csproj", "{F6BF26B5-9745-4E9D-A17E-84D3D23B2F48}"
EndProject
Global
	GlobalSection(SolutionConfigurationPlatforms) = preSolution
		Debug|Any CPU = Debug|Any CPU
		Release|Any CPU = Release|Any CPU
	EndGlobalSection
	GlobalSection(ProjectConfigurationPlatforms) = postSolution
		{F6BF26B5-9745-4E9D-A17E-84D3D23B2F48}.Debug|Any CPU.ActiveCfg = Debug|Any CPU
		{F6BF26B5-9745-4E9D-A17E-84D3D23B2F48}.Debug|Any CPU.Build.0 = Debug|Any CPU
		{F6BF26B5-9745-4E9D-A17E-84D3D23B2F48}.Release|Any CPU.ActiveCfg = Release|Any CPU
		{F6BF26B5-9745-4E9D-A17E-84D3D23B2F48}.Release|Any CPU.Build.0 = Release|Any CPU
	EndGlobalSection
	GlobalSection(SolutionProperties) = preSolution
		HideSolutionNode = FALSE
	EndGlobalSection
	GlobalSection(ExtensibilityGlobals) = postSolution
		SolutionGuid = {DB32D268-1055-4F9E-893C-1C48922813EC}
	EndGlobalSection
EndGlobal
